
Microsoft Visual Studio Solution File, Format Version 12.00
# Visual Studio Version 16
VisualStudioVersion = 16.0.30611.23
MinimumVisualStudioVersion = 10.0.40219.1
Project("{FAE04EC0-301F-11D3-BF4B-00C04F79EFBC}") = "AppSix.Android", "AppSix\AppSix.Android\AppSix.Android.csproj", "{575E2056-29B5-42E6-A6CB-A705741FF4DD}"
EndProject
Project("{FAE04EC0-301F-11D3-BF4B-00C04F79EFBC}") = "AppSix", "AppSix\AppSix\AppSix.csproj", "{7747055E-0FE6-42ED-84E2-05A20BD11392}"
EndProject
Global
	GlobalSection(SolutionConfigurationPlatforms) = preSolution
		Debug|Any CPU = Debug|Any CPU
		Release|Any CPU = Release|Any CPU
	EndGlobalSection
	GlobalSection(ProjectConfigurationPlatforms) = postSolution
		{575E2056-29B5-42E6-A6CB-A705741FF4DD}.Debug|Any CPU.ActiveCfg = Debug|Any CPU
		{575E2056-29B5-42E6-A6CB-A705741FF4DD}.Debug|Any CPU.Build.0 = Debug|Any CPU
		{575E2056-29B5-42E6-A6CB-A705741FF4DD}.Debug|Any CPU.Deploy.0 = Debug|Any CPU
		{575E2056-29B5-42E6-A6CB-A705741FF4DD}.Release|Any CPU.ActiveCfg = Release|Any CPU
		{575E2056-29B5-42E6-A6CB-A705741FF4DD}.Release|Any CPU.Build.0 = Release|Any CPU
		{575E2056-29B5-42E6-A6CB-A705741FF4DD}.Release|Any CPU.Deploy.0 = Release|Any CPU
		{7747055E-0FE6-42ED-84E2-05A20BD11392}.Debug|Any CPU.ActiveCfg = Debug|Any CPU
		{7747055E-0FE6-42ED-84E2-05A20BD11392}.Debug|Any CPU.Build.0 = Debug|Any CPU
		{7747055E-0FE6-42ED-84E2-05A20BD11392}.Debug|Any CPU.Deploy.0 = Debug|Any CPU
		{7747055E-0FE6-42ED-84E2-05A20BD11392}.Release|Any CPU.ActiveCfg = Release|Any CPU
		{7747055E-0FE6-42ED-84E2-05A20BD11392}.Release|Any CPU.Build.0 = Release|Any CPU
		{7747055E-0FE6-42ED-84E2-05A20BD11392}.Release|Any CPU.Deploy.0 = Release|Any CPU
	EndGlobalSection
	GlobalSection(SolutionProperties) = preSolution
		HideSolutionNode = FALSE
	EndGlobalSection
	GlobalSection(ExtensibilityGlobals) = postSolution
		SolutionGuid = {C884D984-C324-4EFC-BD90-9027E332DD48}
	EndGlobalSection
EndGlobal
